
Microsoft Visual Studio Solution File, Format Version 12.00
# Visual Studio 15
VisualStudioVersion = 15.0.27004.2010
MinimumVisualStudioVersion = 10.0.40219.1
Project("{FAE04EC0-301F-11D3-BF4B-00C04F79EFBC}") = "DemoKino", "DemoKino\DemoKino.csproj", "{D25B303F-38B1-451A-A4FA-FEEAEE2983C5}"
EndProject
Project("{FAE04EC0-301F-11D3-BF4B-00C04F79EFBC}") = "DAO", "DAO\DAO.csproj", "{1CDC35D7-7B81-4051-82B9-35757E46B8E9}"
EndProject
Global
	GlobalSection(SolutionConfigurationPlatforms) = preSolution
		Debug|Any CPU = Debug|Any CPU
		Release|Any CPU = Release|Any CPU
	EndGlobalSection
	GlobalSection(ProjectConfigurationPlatforms) = postSolution
		{D25B303F-38B1-451A-A4FA-FEEAEE2983C5}.Debug|Any CPU.ActiveCfg = Debug|Any CPU
		{D25B303F-38B1-451A-A4FA-FEEAEE2983C5}.Debug|Any CPU.Build.0 = Debug|Any CPU
		{D25B303F-38B1-451A-A4FA-FEEAEE2983C5}.Release|Any CPU.ActiveCfg = Release|Any CPU
		{D25B303F-38B1-451A-A4FA-FEEAEE2983C5}.Release|Any CPU.Build.0 = Release|Any CPU
		{1CDC35D7-7B81-4051-82B9-35757E46B8E9}.Debug|Any CPU.ActiveCfg = Debug|Any CPU
		{1CDC35D7-7B81-4051-82B9-35757E46B8E9}.Debug|Any CPU.Build.0 = Debug|Any CPU
		{1CDC35D7-7B81-4051-82B9-35757E46B8E9}.Release|Any CPU.ActiveCfg = Release|Any CPU
		{1CDC35D7-7B81-4051-82B9-35757E46B8E9}.Release|Any CPU.Build.0 = Release|Any CPU
	EndGlobalSection
	GlobalSection(SolutionProperties) = preSolution
		HideSolutionNode = FALSE
	EndGlobalSection
	GlobalSection(ExtensibilityGlobals) = postSolution
		SolutionGuid = {2E9709C4-F001-486F-B546-54BAF24FBC2A}
	EndGlobalSection
EndGlobal
